# THIS IS AN AUTOGENERATED FILE. DO NOT EDIT THIS FILE DIRECTLY.
# yarn lockfile v1


"@types/k6@^0.51.0":
  version "0.51.0"
  resolved "https://registry.yarnpkg.com/@types/k6/-/k6-0.51.0.tgz#04c92a5ca8e8b463a197866b129c2d5a220e9a12"
  integrity sha512-xelcvFGPI4VYrV5ozADmRuFQBKmDqDRzxfHVuCDD1/firZiSQvTP0pntxHuYUSkRyL8I83kvABXUlnLYNT2VuA==
